
Microsoft Visual Studio Solution File, Format Version 12.00
# Visual Studio Version 17
VisualStudioVersion = 17.7.34031.279
MinimumVisualStudioVersion = 10.0.40219.1
Project("{9A19103F-16F7-4668-BE54-9A1E7A4F7556}") = "Sistema_Inventario", "Sistema_Inventario\Sistema_Inventario.csproj", "{409996CA-CB14-4048-8B4E-1EF893650EA7}"
EndProject
Project("{9A19103F-16F7-4668-BE54-9A1E7A4F7556}") = "SistemaInventario.UnitTest", "SistemaInventario.UnitTest\SistemaInventario.UnitTest.csproj", "{26D178BB-3852-467C-B2CF-8DC3012346F7}"
EndProject
Project("{FAE04EC0-301F-11D3-BF4B-00C04F79EFBC}") = "SistemaInventarioAPI.IntegracionTest", "SistemaInventarioAPI.IntegracionTest\SistemaInventarioAPI.IntegracionTest.csproj", "{4814329E-3405-4DB0-9518-D6B9CBAC5F01}"
EndProject
Global
	GlobalSection(SolutionConfigurationPlatforms) = preSolution
		Debug|Any CPU = Debug|Any CPU
		Release|Any CPU = Release|Any CPU
	EndGlobalSection
	GlobalSection(ProjectConfigurationPlatforms) = postSolution
		{409996CA-CB14-4048-8B4E-1EF893650EA7}.Debug|Any CPU.ActiveCfg = Debug|Any CPU
		{409996CA-CB14-4048-8B4E-1EF893650EA7}.Debug|Any CPU.Build.0 = Debug|Any CPU
		{409996CA-CB14-4048-8B4E-1EF893650EA7}.Release|Any CPU.ActiveCfg = Release|Any CPU
		{409996CA-CB14-4048-8B4E-1EF893650EA7}.Release|Any CPU.Build.0 = Release|Any CPU
		{26D178BB-3852-467C-B2CF-8DC3012346F7}.Debug|Any CPU.ActiveCfg = Debug|Any CPU
		{26D178BB-3852-467C-B2CF-8DC3012346F7}.Debug|Any CPU.Build.0 = Debug|Any CPU
		{26D178BB-3852-467C-B2CF-8DC3012346F7}.Release|Any CPU.ActiveCfg = Release|Any CPU
		{26D178BB-3852-467C-B2CF-8DC3012346F7}.Release|Any CPU.Build.0 = Release|Any CPU
		{4814329E-3405-4DB0-9518-D6B9CBAC5F01}.Debug|Any CPU.ActiveCfg = Debug|Any CPU
		{4814329E-3405-4DB0-9518-D6B9CBAC5F01}.Debug|Any CPU.Build.0 = Debug|Any CPU
		{4814329E-3405-4DB0-9518-D6B9CBAC5F01}.Release|Any CPU.ActiveCfg = Release|Any CPU
		{4814329E-3405-4DB0-9518-D6B9CBAC5F01}.Release|Any CPU.Build.0 = Release|Any CPU
	EndGlobalSection
	GlobalSection(SolutionProperties) = preSolution
		HideSolutionNode = FALSE
	EndGlobalSection
	GlobalSection(ExtensibilityGlobals) = postSolution
		SolutionGuid = {42853A3A-9999-4ECF-B0D0-064ECEF0AA91}
	EndGlobalSection
EndGlobal
